
Microsoft Visual Studio Solution File, Format Version 12.00
# Visual Studio Version 17
VisualStudioVersion = 17.0.31903.59
MinimumVisualStudioVersion = 10.0.40219.1
Project("{2150E333-8FDC-42A3-9474-1A3956D46DE8}") = "src", "src", "{827E0CD3-B72D-47B6-A68D-7590B98EB39B}"
EndProject
Project("{FAE04EC0-301F-11D3-BF4B-00C04F79EFBC}") = "WrenchBox.Domain", "src\WrenchBox.Domain\WrenchBox.Domain.csproj", "{E910622B-CB8C-4954-9A68-A25BF7025F0F}"
EndProject
Project("{FAE04EC0-301F-11D3-BF4B-00C04F79EFBC}") = "WrenchBox.Application", "src\WrenchBox.Application\WrenchBox.Application.csproj", "{96816497-2A0D-495B-B308-E75B66584978}"
EndProject
Project("{FAE04EC0-301F-11D3-BF4B-00C04F79EFBC}") = "WrenchBox.Infrastructure", "src\WrenchBox.Infrastructure\WrenchBox.Infrastructure.csproj", "{01E24AF1-8E9C-4D26-91D3-68D1C61721DD}"
EndProject
Project("{FAE04EC0-301F-11D3-BF4B-00C04F79EFBC}") = "WrenchBox.Api", "src\WrenchBox.Api\WrenchBox.Api.csproj", "{9A87E69C-0168-4584-B57D-4D06D409C8D5}"
EndProject
Project("{FAE04EC0-301F-11D3-BF4B-00C04F79EFBC}") = "WrenchBox.Domain.Tests", "tests\WrenchBox.Domain.Tests\WrenchBox.Domain.Tests.csproj", "{BC3F3F57-B113-43DF-9E0E-0F9CFF910254}"
EndProject
Project("{FAE04EC0-301F-11D3-BF4B-00C04F79EFBC}") = "WrenchBox.Application.Tests", "tests\WrenchBox.Application.Tests\WrenchBox.Application.Tests.csproj", "{31B66551-C6B5-416E-91CA-BAE6B5D71B74}"
EndProject
Project("{FAE04EC0-301F-11D3-BF4B-00C04F79EFBC}") = "WrenchBox.Integration.Tests", "tests\WrenchBox.Integration.Tests\WrenchBox.Integration.Tests.csproj", "{2F9E1DA8-23D2-486D-9EC0-F5617336B39F}"
EndProject
Global
	GlobalSection(SolutionConfigurationPlatforms) = preSolution
		Debug|Any CPU = Debug|Any CPU
		Debug|x64 = Debug|x64
		Debug|x86 = Debug|x86
		Release|Any CPU = Release|Any CPU
		Release|x64 = Release|x64
		Release|x86 = Release|x86
	EndGlobalSection
	GlobalSection(ProjectConfigurationPlatforms) = postSolution
		{E910622B-CB8C-4954-9A68-A25BF7025F0F}.Debug|Any CPU.ActiveCfg = Debug|Any CPU
		{E910622B-CB8C-4954-9A68-A25BF7025F0F}.Debug|Any CPU.Build.0 = Debug|Any CPU
		{E910622B-CB8C-4954-9A68-A25BF7025F0F}.Debug|x64.ActiveCfg = Debug|Any CPU
		{E910622B-CB8C-4954-9A68-A25BF7025F0F}.Debug|x64.Build.0 = Debug|Any CPU
		{E910622B-CB8C-4954-9A68-A25BF7025F0F}.Debug|x86.ActiveCfg = Debug|Any CPU
		{E910622B-CB8C-4954-9A68-A25BF7025F0F}.Debug|x86.Build.0 = Debug|Any CPU
		{E910622B-CB8C-4954-9A68-A25BF7025F0F}.Release|Any CPU.ActiveCfg = Release|Any CPU
		{E910622B-CB8C-4954-9A68-A25BF7025F0F}.Release|Any CPU.Build.0 = Release|Any CPU
		{E910622B-CB8C-4954-9A68-A25BF7025F0F}.Release|x64.ActiveCfg = Release|Any CPU
		{E910622B-CB8C-4954-9A68-A25BF7025F0F}.Release|x64.Build.0 = Release|Any CPU
		{E910622B-CB8C-4954-9A68-A25BF7025F0F}.Release|x86.ActiveCfg = Release|Any CPU
		{E910622B-CB8C-4954-9A68-A25BF7025F0F}.Release|x86.Build.0 = Release|Any CPU
		{96816497-2A0D-495B-B308-E75B66584978}.Debug|Any CPU.ActiveCfg = Debug|Any CPU
		{96816497-2A0D-495B-B308-E75B66584978}.Debug|Any CPU.Build.0 = Debug|Any CPU
		{96816497-2A0D-495B-B308-E75B66584978}.Debug|x64.ActiveCfg = Debug|Any CPU
		{96816497-2A0D-495B-B308-E75B66584978}.Debug|x64.Build.0 = Debug|Any CPU
		{96816497-2A0D-495B-B308-E75B66584978}.Debug|x86.ActiveCfg = Debug|Any CPU
		{96816497-2A0D-495B-B308-E75B66584978}.Debug|x86.Build.0 = Debug|Any CPU
		{96816497-2A0D-495B-B308-E75B66584978}.Release|Any CPU.ActiveCfg = Release|Any CPU
		{96816497-2A0D-495B-B308-E75B66584978}.Release|Any CPU.Build.0 = Release|Any CPU
		{96816497-2A0D-495B-B308-E75B66584978}.Release|x64.ActiveCfg = Release|Any CPU
		{96816497-2A0D-495B-B308-E75B66584978}.Release|x64.Build.0 = Release|Any CPU
		{96816497-2A0D-495B-B308-E75B66584978}.Release|x86.ActiveCfg = Release|Any CPU
		{96816497-2A0D-495B-B308-E75B66584978}.Release|x86.Build.0 = Release|Any CPU
		{01E24AF1-8E9C-4D26-91D3-68D1C61721DD}.Debug|Any CPU.ActiveCfg = Debug|Any CPU
		{01E24AF1-8E9C-4D26-91D3-68D1C61721DD}.Debug|Any CPU.Build.0 = Debug|Any CPU
		{01E24AF1-8E9C-4D26-91D3-68D1C61721DD}.Debug|x64.ActiveCfg = Debug|Any CPU
		{01E24AF1-8E9C-4D26-91D3-68D1C61721DD}.Debug|x64.Build.0 = Debug|Any CPU
		{01E24AF1-8E9C-4D26-91D3-68D1C61721DD}.Debug|x86.ActiveCfg = Debug|Any CPU
		{01E24AF1-8E9C-4D26-91D3-68D1C61721DD}.Debug|x86.Build.0 = Debug|Any CPU
		{01E24AF1-8E9C-4D26-91D3-68D1C61721DD}.Release|Any CPU.ActiveCfg = Release|Any CPU
		{01E24AF1-8E9C-4D26-91D3-68D1C61721DD}.Release|Any CPU.Build.0 = Release|Any CPU
		{01E24AF1-8E9C-4D26-91D3-68D1C61721DD}.Release|x64.ActiveCfg = Release|Any CPU
		{01E24AF1-8E9C-4D26-91D3-68D1C61721DD}.Release|x64.Build.0 = Release|Any CPU
		{01E24AF1-8E9C-4D26-91D3-68D1C61721DD}.Release|x86.ActiveCfg = Release|Any CPU
		{01E24AF1-8E9C-4D26-91D3-68D1C61721DD}.Release|x86.Build.0 = Release|Any CPU
		{9A87E69C-0168-4584-B57D-4D06D409C8D5}.Debug|Any CPU.ActiveCfg = Debug|Any CPU
		{9A87E69C-0168-4584-B57D-4D06D409C8D5}.Debug|Any CPU.Build.0 = Debug|Any CPU
		{9A87E69C-0168-4584-B57D-4D06D409C8D5}.Debug|x64.ActiveCfg = Debug|Any CPU
		{9A87E69C-0168-4584-B57D-4D06D409C8D5}.Debug|x64.Build.0 = Debug|Any CPU
		{9A87E69C-0168-4584-B57D-4D06D409C8D5}.Debug|x86.ActiveCfg = Debug|Any CPU
		{9A87E69C-0168-4584-B57D-4D06D409C8D5}.Debug|x86.Build.0 = Debug|Any CPU
		{9A87E69C-0168-4584-B57D-4D06D409C8D5}.Release|Any CPU.ActiveCfg = Release|Any CPU
		{9A87E69C-0168-4584-B57D-4D06D409C8D5}.Release|Any CPU.Build.0 = Release|Any CPU
		{9A87E69C-0168-4584-B57D-4D06D409C8D5}.Release|x64.ActiveCfg = Release|Any CPU
		{9A87E69C-0168-4584-B57D-4D06D409C8D5}.Release|x64.Build.0 = Release|Any CPU
		{9A87E69C-0168-4584-B57D-4D06D409C8D5}.Release|x86.ActiveCfg = Release|Any CPU
		{9A87E69C-0168-4584-B57D-4D06D409C8D5}.Release|x86.Build.0 = Release|Any CPU
		{BC3F3F57-B113-43DF-9E0E-0F9CFF910254}.Debug|Any CPU.ActiveCfg = Debug|Any CPU
		{BC3F3F57-B113-43DF-9E0E-0F9CFF910254}.Debug|Any CPU.Build.0 = Debug|Any CPU
		{BC3F3F57-B113-43DF-9E0E-0F9CFF910254}.Debug|x64.ActiveCfg = Debug|Any CPU
		{BC3F3F57-B113-43DF-9E0E-0F9CFF910254}.Debug|x64.Build.0 = Debug|Any CPU
		{BC3F3F57-B113-43DF-9E0E-0F9CFF910254}.Debug|x86.ActiveCfg = Debug|Any CPU
		{BC3F3F57-B113-43DF-9E0E-0F9CFF910254}.Debug|x86.Build.0 = Debug|Any CPU
		{BC3F3F57-B113-43DF-9E0E-0F9CFF910254}.Release|Any CPU.ActiveCfg = Release|Any CPU
		{BC3F3F57-B113-43DF-9E0E-0F9CFF910254}.Release|Any CPU.Build.0 = Release|Any CPU
		{BC3F3F57-B113-43DF-9E0E-0F9CFF910254}.Release|x64.ActiveCfg = Release|Any CPU
		{BC3F3F57-B113-43DF-9E0E-0F9CFF910254}.Release|x64.Build.0 = Release|Any CPU
		{BC3F3F57-B113-43DF-9E0E-0F9CFF910254}.Release|x86.ActiveCfg = Release|Any CPU
		{BC3F3F57-B113-43DF-9E0E-0F9CFF910254}.Release|x86.Build.0 = Release|Any CPU
		{31B66551-C6B5-416E-91CA-BAE6B5D71B74}.Debug|Any CPU.ActiveCfg = Debug|Any CPU
		{31B66551-C6B5-416E-91CA-BAE6B5D71B74}.Debug|Any CPU.Build.0 = Debug|Any CPU
		{31B66551-C6B5-416E-91CA-BAE6B5D71B74}.Debug|x64.ActiveCfg = Debug|Any CPU
		{31B66551-C6B5-416E-91CA-BAE6B5D71B74}.Debug|x64.Build.0 = Debug|Any CPU
		{31B66551-C6B5-416E-91CA-BAE6B5D71B74}.Debug|x86.ActiveCfg = Debug|Any CPU
		{31B66551-C6B5-416E-91CA-BAE6B5D71B74}.Debug|x86.Build.0 = Debug|Any CPU
		{31B66551-C6B5-416E-91CA-BAE6B5D71B74}.Release|Any CPU.ActiveCfg = Release|Any CPU
		{31B66551-C6B5-416E-91CA-BAE6B5D71B74}.Release|Any CPU.Build.0 = Release|Any CPU
		{31B66551-C6B5-416E-91CA-BAE6B5D71B74}.Release|x64.ActiveCfg = Release|Any CPU
		{31B66551-C6B5-416E-91CA-BAE6B5D71B74}.Release|x64.Build.0 = Release|Any CPU
		{31B66551-C6B5-416E-91CA-BAE6B5D71B74}.Release|x86.ActiveCfg = Release|Any CPU
		{31B66551-C6B5-416E-91CA-BAE6B5D71B74}.Release|x86.Build.0 = Release|Any CPU
		{2F9E1DA8-23D2-486D-9EC0-F5617336B39F}.Debug|Any CPU.ActiveCfg = Debug|Any CPU
		{2F9E1DA8-23D2-486D-9EC0-F5617336B39F}.Debug|Any CPU.Build.0 = Debug|Any CPU
		{2F9E1DA8-23D2-486D-9EC0-F5617336B39F}.Debug|x64.ActiveCfg = Debug|Any CPU
		{2F9E1DA8-23D2-486D-9EC0-F5617336B39F}.Debug|x64.Build.0 = Debug|Any CPU
		{2F9E1DA8-23D2-486D-9EC0-F5617336B39F}.Debug|x86.ActiveCfg = Debug|Any CPU
		{2F9E1DA8-23D2-486D-9EC0-F5617336B39F}.Debug|x86.Build.0 = Debug|Any CPU
		{2F9E1DA8-23D2-486D-9EC0-F5617336B39F}.Release|Any CPU.ActiveCfg = Release|Any CPU
		{2F9E1DA8-23D2-486D-9EC0-F5617336B39F}.Release|Any CPU.Build.0 = Release|Any CPU
		{2F9E1DA8-23D2-486D-9EC0-F5617336B39F}.Release|x64.ActiveCfg = Release|Any CPU
		{2F9E1DA8-23D2-486D-9EC0-F5617336B39F}.Release|x64.Build.0 = Release|Any CPU
		{2F9E1DA8-23D2-486D-9EC0-F5617336B39F}.Release|x86.ActiveCfg = Release|Any CPU
		{2F9E1DA8-23D2-486D-9EC0-F5617336B39F}.Release|x86.Build.0 = Release|Any CPU
	EndGlobalSection
	GlobalSection(SolutionProperties) = preSolution
		HideSolutionNode = FALSE
	EndGlobalSection
	GlobalSection(NestedProjects) = preSolution
		{E910622B-CB8C-4954-9A68-A25BF7025F0F} = {827E0CD3-B72D-47B6-A68D-7590B98EB39B}
		{96816497-2A0D-495B-B308-E75B66584978} = {827E0CD3-B72D-47B6-A68D-7590B98EB39B}
		{01E24AF1-8E9C-4D26-91D3-68D1C61721DD} = {827E0CD3-B72D-47B6-A68D-7590B98EB39B}
		{9A87E69C-0168-4584-B57D-4D06D409C8D5} = {827E0CD3-B72D-47B6-A68D-7590B98EB39B}
		{BC3F3F57-B113-43DF-9E0E-0F9CFF910254} = {827E0CD3-B72D-47B6-A68D-7590B98EB39B}
		{31B66551-C6B5-416E-91CA-BAE6B5D71B74} = {827E0CD3-B72D-47B6-A68D-7590B98EB39B}
		{2F9E1DA8-23D2-486D-9EC0-F5617336B39F} = {827E0CD3-B72D-47B6-A68D-7590B98EB39B}
	EndGlobalSection
EndGlobal
